github.com/gorilla/mux v1.8.1 h1:TuBL49tXwgrFYWhqrNgrUNEY92u81SPhu7sTdzQEiWY=
github.com/gorilla/mux v1.8.1/go.mod h1:AKf9I4AEqPTmMytcMc0KkNouC66V3BtZ4qD5fmWSiMQ=
github.com/mattn/go-sqlite3 v1.14.24 h1:tpSp2G2KyMnnQu99ngJ47EIkWVmliIizyZBfPrBWDRM=
github.com/mattn/go-sqlite3 v1.14.24/go.mod h1:Uh1q+B4BYcTPb+yiD3kU8Ct7aC0hY9fxUwlHK0RXw+Y=
github.com/ncruces/go-sqlite3 v0.22.0 h1:FkGSBhd0TY6e66k1LVhyEpA+RnG/8QkQNed5pjIk4cs=
github.com/ncruces/go-sqlite3 v0.22.0/go.mod h1:ueXOZXYZS2OFQirCU3mHneDwJm5fGKHrtccYBeGEV7M=
github.com/ncruces/julianday v1.0.0 h1:fH0OKwa7NWvniGQtxdJRxAgkBMolni2BjDHaWTxqt7M=
github.com/ncruces/julianday v1.0.0/go.mod h1:Dusn2KvZrrovOMJuOt0TNXL6tB7U2E8kvza5fFc9G7g=
github.com/rs/cors v1.11.1 h1:eU3gRzXLRK57F5rKMGMZURNdIG4EoAmX8k94r9wXWHA=
github.com/rs/cors v1.11.1/go.mod h1:XyqrcTp5zjWr1wsJ8PIRZssZ8b/WMcMf71DJnit4EMU=
github.com/tetratelabs/wazero v1.8.2 h1:yIgLR/b2bN31bjxwXHD8a3d+BogigR952csSDdLYEv4=
github.com/tetratelabs/wazero v1.8.2/go.mod h1:yAI0XTsMBhREkM/YDAK/zNou3GoiAce1P6+rp/wQhjs=
golang.org/x/sys v0.29.0 h1:TPYlXGxvx1MGTn2GiZDhnjPA9wZzZeGKHHmKhHYvgaU=
golang.org/x/sys v0.29.0/go.mod h1:/VUhepiaJMQUp4+oa/7Zr1D23ma6VTLIYjOOTFZPUcA=
